
Microsoft Visual Studio Solution File, Format Version 12.00
# Visual Studio Version 16
VisualStudioVersion = 16.0.30523.141
MinimumVisualStudioVersion = 10.0.40219.1
Project("{9A19103F-16F7-4668-BE54-9A1E7A4F7556}") = "SmartExtensions", "SmartExtensions\SmartExtensions.csproj", "{7F56D0F9-A27D-4A58-BB90-5DCA1B97A546}"
EndProject
Project("{9A19103F-16F7-4668-BE54-9A1E7A4F7556}") = "SmartExtensions.Test", "SmartExtensions.Test\SmartExtensions.Test.csproj", "{97F53A1C-7D37-4999-B36D-D3BF98484CA9}"
EndProject
Global
	GlobalSection(SolutionConfigurationPlatforms) = preSolution
		Debug|Any CPU = Debug|Any CPU
		Release|Any CPU = Release|Any CPU
	EndGlobalSection
	GlobalSection(ProjectConfigurationPlatforms) = postSolution
		{7F56D0F9-A27D-4A58-BB90-5DCA1B97A546}.Debug|Any CPU.ActiveCfg = Debug|Any CPU
		{7F56D0F9-A27D-4A58-BB90-5DCA1B97A546}.Debug|Any CPU.Build.0 = Debug|Any CPU
		{7F56D0F9-A27D-4A58-BB90-5DCA1B97A546}.Release|Any CPU.ActiveCfg = Release|Any CPU
		{7F56D0F9-A27D-4A58-BB90-5DCA1B97A546}.Release|Any CPU.Build.0 = Release|Any CPU
		{97F53A1C-7D37-4999-B36D-D3BF98484CA9}.Debug|Any CPU.ActiveCfg = Debug|Any CPU
		{97F53A1C-7D37-4999-B36D-D3BF98484CA9}.Debug|Any CPU.Build.0 = Debug|Any CPU
		{97F53A1C-7D37-4999-B36D-D3BF98484CA9}.Release|Any CPU.ActiveCfg = Release|Any CPU
		{97F53A1C-7D37-4999-B36D-D3BF98484CA9}.Release|Any CPU.Build.0 = Release|Any CPU
	EndGlobalSection
	GlobalSection(SolutionProperties) = preSolution
		HideSolutionNode = FALSE
	EndGlobalSection
	GlobalSection(ExtensibilityGlobals) = postSolution
		SolutionGuid = {A3DF3907-F8E7-4DB4-8BE7-31FD60EB53EB}
	EndGlobalSection
EndGlobal
